
Microsoft Visual Studio Solution File, Format Version 12.00
# Visual Studio Version 16
VisualStudioVersion = 16.0.32901.82
MinimumVisualStudioVersion = 10.0.40219.1
Project("{FAE04EC0-301F-11D3-BF4B-00C04F79EFBC}") = "TheSportsApi", "TheSportsApi.csproj", "{A32FE6EF-8A7C-4669-9393-0C225675E86E}"
EndProject
Global
	GlobalSection(SolutionConfigurationPlatforms) = preSolution
		Debug|Any CPU = Debug|Any CPU
		Release|Any CPU = Release|Any CPU
	EndGlobalSection
	GlobalSection(ProjectConfigurationPlatforms) = postSolution
		{A32FE6EF-8A7C-4669-9393-0C225675E86E}.Debug|Any CPU.ActiveCfg = Debug|Any CPU
		{A32FE6EF-8A7C-4669-9393-0C225675E86E}.Debug|Any CPU.Build.0 = Debug|Any CPU
		{A32FE6EF-8A7C-4669-9393-0C225675E86E}.Release|Any CPU.ActiveCfg = Release|Any CPU
		{A32FE6EF-8A7C-4669-9393-0C225675E86E}.Release|Any CPU.Build.0 = Release|Any CPU
	EndGlobalSection
	GlobalSection(SolutionProperties) = preSolution
		HideSolutionNode = FALSE
	EndGlobalSection
	GlobalSection(ExtensibilityGlobals) = postSolution
		SolutionGuid = {7B422CD0-2ADA-4E86-AF0E-F12087F63534}
	EndGlobalSection
EndGlobal
